{
  "name": "mangadex-importer",
  "version": "0.0.1",
  "lockfileVersion": 2,
  "requires": true,
  "packages": {
    "": {
      "name": "mangadex-importer",
      "version": "0.0.1",
      "license": "MIT",
      "dependencies": {
        "axios": "^0.27.2",
        "chalk": "^4.1.2",
        "concurrent-priority-worker-queue": "^2.0.0",
        "extensions-gamefuzzy": "file:site-libs/extensions-gamefuzzy",
        "extensions-official": "file:site-libs/extensions-generic/madara",
        "mangadex-full-api": "github:md-y/mangadex-full-api",
        "sade": "^1.8.1",
        "uuid": "^8.3.2"
      },
      "bin": {
        "mangadex-importer": "out/src/cli.js"
      },
      "devDependencies": {
        "@types/chai": "^4.3.1",
        "@types/cheerio": "0.22.21",
        "@types/uuid": "^8.3.4",
        "paperback-extensions-common": "^4.3.5",
        "typescript": "^4.7.3"
      }
    },
    "node_modules/@types/chai": {
      "version": "4.3.1",
      "resolved": "https://registry.npmjs.org/@types/chai/-/chai-4.3.1.tgz",
      "integrity": "sha512-/zPMqDkzSZ8t3VtxOa4KPq7uzzW978M9Tvh+j7GHKuo6k6GTLxPJ4J5gE5cjfJ26pnXst0N5Hax8Sr0T2Mi9zQ==",
      "dev": true
    },
    "node_modules/@types/cheerio": {
      "version": "0.22.21",
      "resolved": "https://registry.npmjs.org/@types/cheerio/-/cheerio-0.22.21.tgz",
      "integrity": "sha512-aGI3DfswwqgKPiEOTaiHV2ZPC9KEhprpgEbJnv0fZl3SGX0cGgEva1126dGrMC6AJM6v/aihlUgJn9M5DbDZ/Q==",
      "dev": true,
      "dependencies": {
        "@types/node": "*"
      }
    },
    "node_modules/@types/node": {
      "version": "17.0.40",
      "resolved": "https://registry.npmjs.org/@types/node/-/node-17.0.40.tgz",
      "integrity": "sha512-UXdBxNGqTMtm7hCwh9HtncFVLrXoqA3oJW30j6XWp5BH/wu3mVeaxo7cq5benFdBw34HB3XDT2TRPI7rXZ+mDg==",
      "dev": true
    },
    "node_modules/@types/uuid": {
      "version": "8.3.4",
      "resolved": "https://registry.npmjs.org/@types/uuid/-/uuid-8.3.4.tgz",
      "integrity": "sha512-c/I8ZRb51j+pYGAu5CrFMRxqZ2ke4y2grEBO5AUjgSkSk+qT2Ea+OdWElz/OiMf5MNpn2b17kuVBwZLQJXzihw==",
      "dev": true
    },
    "node_modules/ansi-styles": {
      "version": "4.3.0",
      "resolved": "https://registry.npmjs.org/ansi-styles/-/ansi-styles-4.3.0.tgz",
      "integrity": "sha512-zbB9rCJAT1rbjiVDb2hqKFHNYLxgtk8NURxZ3IZwD3F6NtxbXZQCnnSi1Lkx+IDohdPlFp222wVALIheZJQSEg==",
      "dependencies": {
        "color-convert": "^2.0.1"
      },
      "engines": {
        "node": ">=8"
      },
      "funding": {
        "url": "https://github.com/chalk/ansi-styles?sponsor=1"
      }
    },
    "node_modules/asynckit": {
      "version": "0.4.0",
      "resolved": "https://registry.npmjs.org/asynckit/-/asynckit-0.4.0.tgz",
      "integrity": "sha512-Oei9OH4tRh0YqU3GxhX79dM/mwVgvbZJaSNaRk+bshkj0S5cfHcgYakreBjrHwatXKbz+IoIdYLxrKim2MjW0Q=="
    },
    "node_modules/axios": {
      "version": "0.27.2",
      "resolved": "https://registry.npmjs.org/axios/-/axios-0.27.2.tgz",
      "integrity": "sha512-t+yRIyySRTp/wua5xEr+z1q60QmLq8ABsS5O9Me1AsE5dfKqgnCFzwiCZZ/cGNd1lq4/7akDWMxdhVlucjmnOQ==",
      "dependencies": {
        "follow-redirects": "^1.14.9",
        "form-data": "^4.0.0"
      }
    },
    "node_modules/boolbase": {
      "version": "1.0.0",
      "resolved": "https://registry.npmjs.org/boolbase/-/boolbase-1.0.0.tgz",
      "integrity": "sha512-JZOSA7Mo9sNGB8+UjSgzdLtokWAky1zbztM3WRLCbZ70/3cTANmQmOdR7y2g+J0e2WXywy1yS468tY+IruqEww==",
      "dev": true
    },
    "node_modules/chalk": {
      "version": "4.1.2",
      "resolved": "https://registry.npmjs.org/chalk/-/chalk-4.1.2.tgz",
      "integrity": "sha512-oKnbhFyRIXpUuez8iBMmyEa4nbj4IOQyuhc/wy9kY7/WVPcwIO9VA668Pu8RkO7+0G76SLROeyw9CpQ061i4mA==",
      "dependencies": {
        "ansi-styles": "^4.1.0",
        "supports-color": "^7.1.0"
      },
      "engines": {
        "node": ">=10"
      },
      "funding": {
        "url": "https://github.com/chalk/chalk?sponsor=1"
      }
    },
    "node_modules/cheerio": {
      "version": "1.0.0-rc.11",
      "resolved": "https://registry.npmjs.org/cheerio/-/cheerio-1.0.0-rc.11.tgz",
      "integrity": "sha512-bQwNaDIBKID5ts/DsdhxrjqFXYfLw4ste+wMKqWA8DyKcS4qwsPP4Bk8ZNaTJjvpiX/qW3BT4sU7d6Bh5i+dag==",
      "dev": true,
      "dependencies": {
        "cheerio-select": "^2.1.0",
        "dom-serializer": "^2.0.0",
        "domhandler": "^5.0.3",
        "domutils": "^3.0.1",
        "htmlparser2": "^8.0.1",
        "parse5": "^7.0.0",
        "parse5-htmlparser2-tree-adapter": "^7.0.0",
        "tslib": "^2.4.0"
      },
      "engines": {
        "node": ">= 6"
      },
      "funding": {
        "url": "https://github.com/cheeriojs/cheerio?sponsor=1"
      }
    },
    "node_modules/cheerio-select": {
      "version": "2.1.0",
      "resolved": "https://registry.npmjs.org/cheerio-select/-/cheerio-select-2.1.0.tgz",
      "integrity": "sha512-9v9kG0LvzrlcungtnJtpGNxY+fzECQKhK4EGJX2vByejiMX84MFNQw4UxPJl3bFbTMw+Dfs37XaIkCwTZfLh4g==",
      "dev": true,
      "dependencies": {
        "boolbase": "^1.0.0",
        "css-select": "^5.1.0",
        "css-what": "^6.1.0",
        "domelementtype": "^2.3.0",
        "domhandler": "^5.0.3",
        "domutils": "^3.0.1"
      },
      "funding": {
        "url": "https://github.com/sponsors/fb55"
      }
    },
    "node_modules/color-convert": {
      "version": "2.0.1",
      "resolved": "https://registry.npmjs.org/color-convert/-/color-convert-2.0.1.tgz",
      "integrity": "sha512-RRECPsj7iu/xb5oKYcsFHSppFNnsj/52OVTRKb4zP5onXwVF3zVmmToNcOfGC+CRDpfK/U584fMg38ZHCaElKQ==",
      "dependencies": {
        "color-name": "~1.1.4"
      },
      "engines": {
        "node": ">=7.0.0"
      }
    },
    "node_modules/color-name": {
      "version": "1.1.4",
      "resolved": "https://registry.npmjs.org/color-name/-/color-name-1.1.4.tgz",
      "integrity": "sha512-dOy+3AuW3a2wNbZHIuMZpTcgjGuLU/uBL/ubcZF9OXbDo8ff4O8yVp5Bf0efS8uEoYo5q4Fx7dY9OgQGXgAsQA=="
    },
    "node_modules/combined-stream": {
      "version": "1.0.8",
      "resolved": "https://registry.npmjs.org/combined-stream/-/combined-stream-1.0.8.tgz",
      "integrity": "sha512-FQN4MRfuJeHf7cBbBMJFXhKSDq+2kAArBlmRBvcvFE5BB1HZKXtSFASDhdlz9zOYwxh8lDdnvmMOe/+5cdoEdg==",
      "dependencies": {
        "delayed-stream": "~1.0.0"
      },
      "engines": {
        "node": ">= 0.8"
      }
    },
    "node_modules/concurrent-priority-worker-queue": {
      "version": "2.0.0",
      "resolved": "https://registry.npmjs.org/concurrent-priority-worker-queue/-/concurrent-priority-worker-queue-2.0.0.tgz",
      "integrity": "sha512-3CjCOUZqf3KdttaUFke4ytIkVWH4T0Z5gyCEohWXHdIhnLfcdZJF1gWgsYRJ57o3NHZNOauuP7SO1M7PkTLEow==",
      "dependencies": {
        "double-ended-queue": "^2.1.0-0"
      },
      "engines": {
        "node": ">=8.X.X"
      }
    },
    "node_modules/css-select": {
      "version": "5.1.0",
      "resolved": "https://registry.npmjs.org/css-select/-/css-select-5.1.0.tgz",
      "integrity": "sha512-nwoRF1rvRRnnCqqY7updORDsuqKzqYJ28+oSMaJMMgOauh3fvwHqMS7EZpIPqK8GL+g9mKxF1vP/ZjSeNjEVHg==",
      "dev": true,
      "dependencies": {
        "boolbase": "^1.0.0",
        "css-what": "^6.1.0",
        "domhandler": "^5.0.2",
        "domutils": "^3.0.1",
        "nth-check": "^2.0.1"
      },
      "funding": {
        "url": "https://github.com/sponsors/fb55"
      }
    },
    "node_modules/css-what": {
      "version": "6.1.0",
      "resolved": "https://registry.npmjs.org/css-what/-/css-what-6.1.0.tgz",
      "integrity": "sha512-HTUrgRJ7r4dsZKU6GjmpfRK1O76h97Z8MfS1G0FozR+oF2kG6Vfe8JE6zwrkbxigziPHinCJ+gCPjA9EaBDtRw==",
      "dev": true,
      "engines": {
        "node": ">= 6"
      },
      "funding": {
        "url": "https://github.com/sponsors/fb55"
      }
    },
    "node_modules/delayed-stream": {
      "version": "1.0.0",
      "resolved": "https://registry.npmjs.org/delayed-stream/-/delayed-stream-1.0.0.tgz",
      "integrity": "sha512-ZySD7Nf91aLB0RxL4KGrKHBXl7Eds1DAmEdcoVawXnLD7SDhpNgtuII2aAkg7a7QS41jxPSZ17p4VdGnMHk3MQ==",
      "engines": {
        "node": ">=0.4.0"
      }
    },
    "node_modules/dom-serializer": {
      "version": "2.0.0",
      "resolved": "https://registry.npmjs.org/dom-serializer/-/dom-serializer-2.0.0.tgz",
      "integrity": "sha512-wIkAryiqt/nV5EQKqQpo3SToSOV9J0DnbJqwK7Wv/Trc92zIAYZ4FlMu+JPFW1DfGFt81ZTCGgDEabffXeLyJg==",
      "dev": true,
      "dependencies": {
        "domelementtype": "^2.3.0",
        "domhandler": "^5.0.2",
        "entities": "^4.2.0"
      },
      "funding": {
        "url": "https://github.com/cheeriojs/dom-serializer?sponsor=1"
      }
    },
    "node_modules/domelementtype": {
      "version": "2.3.0",
      "resolved": "https://registry.npmjs.org/domelementtype/-/domelementtype-2.3.0.tgz",
      "integrity": "sha512-OLETBj6w0OsagBwdXnPdN0cnMfF9opN69co+7ZrbfPGrdpPVNBUj02spi6B1N7wChLQiPn4CSH/zJvXw56gmHw==",
      "dev": true,
      "funding": [
        {
          "type": "github",
          "url": "https://github.com/sponsors/fb55"
        }
      ]
    },
    "node_modules/domhandler": {
      "version": "5.0.3",
      "resolved": "https://registry.npmjs.org/domhandler/-/domhandler-5.0.3.tgz",
      "integrity": "sha512-cgwlv/1iFQiFnU96XXgROh8xTeetsnJiDsTc7TYCLFd9+/WNkIqPTxiM/8pSd8VIrhXGTf1Ny1q1hquVqDJB5w==",
      "dev": true,
      "dependencies": {
        "domelementtype": "^2.3.0"
      },
      "engines": {
        "node": ">= 4"
      },
      "funding": {
        "url": "https://github.com/fb55/domhandler?sponsor=1"
      }
    },
    "node_modules/domutils": {
      "version": "3.0.1",
      "resolved": "https://registry.npmjs.org/domutils/-/domutils-3.0.1.tgz",
      "integrity": "sha512-z08c1l761iKhDFtfXO04C7kTdPBLi41zwOZl00WS8b5eiaebNpY00HKbztwBq+e3vyqWNwWF3mP9YLUeqIrF+Q==",
      "dev": true,
      "dependencies": {
        "dom-serializer": "^2.0.0",
        "domelementtype": "^2.3.0",
        "domhandler": "^5.0.1"
      },
      "funding": {
        "url": "https://github.com/fb55/domutils?sponsor=1"
      }
    },
    "node_modules/double-ended-queue": {
      "version": "2.1.0-0",
      "resolved": "https://registry.npmjs.org/double-ended-queue/-/double-ended-queue-2.1.0-0.tgz",
      "integrity": "sha512-+BNfZ+deCo8hMNpDqDnvT+c0XpJ5cUa6mqYq89bho2Ifze4URTqRkcwR399hWoTrTkbZ/XJYDgP6rc7pRgffEQ=="
    },
    "node_modules/entities": {
      "version": "4.3.0",
      "resolved": "https://registry.npmjs.org/entities/-/entities-4.3.0.tgz",
      "integrity": "sha512-/iP1rZrSEJ0DTlPiX+jbzlA3eVkY/e8L8SozroF395fIqE3TYF/Nz7YOMAawta+vLmyJ/hkGNNPcSbMADCCXbg==",
      "dev": true,
      "engines": {
        "node": ">=0.12"
      },
      "funding": {
        "url": "https://github.com/fb55/entities?sponsor=1"
      }
    },
    "node_modules/extensions-gamefuzzy": {
      "resolved": "site-libs/extensions-gamefuzzy",
      "link": true
    },
    "node_modules/extensions-official": {
      "resolved": "site-libs/extensions-generic/madara",
      "link": true
    },
    "node_modules/follow-redirects": {
      "version": "1.15.1",
      "resolved": "https://registry.npmjs.org/follow-redirects/-/follow-redirects-1.15.1.tgz",
      "integrity": "sha512-yLAMQs+k0b2m7cVxpS1VKJVvoz7SS9Td1zss3XRwXj+ZDH00RJgnuLx7E44wx02kQLrdM3aOOy+FpzS7+8OizA==",
      "funding": [
        {
          "type": "individual",
          "url": "https://github.com/sponsors/RubenVerborgh"
        }
      ],
      "engines": {
        "node": ">=4.0"
      },
      "peerDependenciesMeta": {
        "debug": {
          "optional": true
        }
      }
    },
    "node_modules/form-data": {
      "version": "4.0.0",
      "resolved": "https://registry.npmjs.org/form-data/-/form-data-4.0.0.tgz",
      "integrity": "sha512-ETEklSGi5t0QMZuiXoA/Q6vcnxcLQP5vdugSpuAyi6SVGi2clPPp+xgEhuMaHC+zGgn31Kd235W35f7Hykkaww==",
      "dependencies": {
        "asynckit": "^0.4.0",
        "combined-stream": "^1.0.8",
        "mime-types": "^2.1.12"
      },
      "engines": {
        "node": ">= 6"
      }
    },
    "node_modules/has-flag": {
      "version": "4.0.0",
      "resolved": "https://registry.npmjs.org/has-flag/-/has-flag-4.0.0.tgz",
      "integrity": "sha512-EykJT/Q1KjTWctppgIAgfSO0tKVuZUjhgMr17kqTumMl6Afv3EISleU7qZUzoXDFTAHTDC4NOoG/ZxU3EvlMPQ==",
      "engines": {
        "node": ">=8"
      }
    },
    "node_modules/htmlparser2": {
      "version": "8.0.1",
      "resolved": "https://registry.npmjs.org/htmlparser2/-/htmlparser2-8.0.1.tgz",
      "integrity": "sha512-4lVbmc1diZC7GUJQtRQ5yBAeUCL1exyMwmForWkRLnwyzWBFxN633SALPMGYaWZvKe9j1pRZJpauvmxENSp/EA==",
      "dev": true,
      "funding": [
        "https://github.com/fb55/htmlparser2?sponsor=1",
        {
          "type": "github",
          "url": "https://github.com/sponsors/fb55"
        }
      ],
      "dependencies": {
        "domelementtype": "^2.3.0",
        "domhandler": "^5.0.2",
        "domutils": "^3.0.1",
        "entities": "^4.3.0"
      }
    },
    "node_modules/mangadex-full-api": {
      "version": "5.11.1",
      "resolved": "git+ssh://git@github.com/md-y/mangadex-full-api.git#a5eff5a16e8ea66efc40c4042267f30487af3cac",
      "license": "MIT",
      "engines": {
        "node": ">=12.0.0"
      }
    },
    "node_modules/mime-db": {
      "version": "1.52.0",
      "resolved": "https://registry.npmjs.org/mime-db/-/mime-db-1.52.0.tgz",
      "integrity": "sha512-sPU4uV7dYlvtWJxwwxHD0PuihVNiE7TyAbQ5SWxDCB9mUYvOgroQOwYQQOKPJ8CIbE+1ETVlOoK1UC2nU3gYvg==",
      "engines": {
        "node": ">= 0.6"
      }
    },
    "node_modules/mime-types": {
      "version": "2.1.35",
      "resolved": "https://registry.npmjs.org/mime-types/-/mime-types-2.1.35.tgz",
      "integrity": "sha512-ZDY+bPm5zTTF+YpCrAU9nK0UgICYPT0QtT1NZWFv4s++TNkcgVaT0g6+4R2uI4MjQjzysHB1zxuWL50hzaeXiw==",
      "dependencies": {
        "mime-db": "1.52.0"
      },
      "engines": {
        "node": ">= 0.6"
      }
    },
    "node_modules/mri": {
      "version": "1.2.0",
      "resolved": "https://registry.npmjs.org/mri/-/mri-1.2.0.tgz",
      "integrity": "sha512-tzzskb3bG8LvYGFF/mDTpq3jpI6Q9wc3LEmBaghu+DdCssd1FakN7Bc0hVNmEyGq1bq3RgfkCb3cmQLpNPOroA==",
      "engines": {
        "node": ">=4"
      }
    },
    "node_modules/nth-check": {
      "version": "2.1.1",
      "resolved": "https://registry.npmjs.org/nth-check/-/nth-check-2.1.1.tgz",
      "integrity": "sha512-lqjrjmaOoAnWfMmBPL+XNnynZh2+swxiX3WUE0s4yEHI6m+AwrK2UZOimIRl3X/4QctVqS8AiZjFqyOGrMXb/w==",
      "dev": true,
      "dependencies": {
        "boolbase": "^1.0.0"
      },
      "funding": {
        "url": "https://github.com/fb55/nth-check?sponsor=1"
      }
    },
    "node_modules/paperback-extensions-common": {
      "version": "4.3.5",
      "resolved": "https://registry.npmjs.org/paperback-extensions-common/-/paperback-extensions-common-4.3.5.tgz",
      "integrity": "sha512-/oq8VZyjS4l38YXJOLvbe8AOkbxeTYR8OESDncNhgNbwTd6Daex43jZ9ZoSvY/WIH569baQ7ZB00FsQ1IZK38w==",
      "dev": true,
      "dependencies": {
        "axios": "^0.21.1",
        "cheerio": "^1.0.0-rc.3",
        "typescript": "^3.9.7"
      }
    },
    "node_modules/paperback-extensions-common/node_modules/axios": {
      "version": "0.21.4",
      "resolved": "https://registry.npmjs.org/axios/-/axios-0.21.4.tgz",
      "integrity": "sha512-ut5vewkiu8jjGBdqpM44XxjuCjq9LAKeHVmoVfHVzy8eHgxxq8SbAVQNovDA8mVi05kP0Ea/n/UzcSHcTJQfNg==",
      "dev": true,
      "dependencies": {
        "follow-redirects": "^1.14.0"
      }
    },
    "node_modules/paperback-extensions-common/node_modules/typescript": {
      "version": "3.9.10",
      "resolved": "https://registry.npmjs.org/typescript/-/typescript-3.9.10.tgz",
      "integrity": "sha512-w6fIxVE/H1PkLKcCPsFqKE7Kv7QUwhU8qQY2MueZXWx5cPZdwFupLgKK3vntcK98BtNHZtAF4LA/yl2a7k8R6Q==",
      "dev": true,
      "bin": {
        "tsc": "bin/tsc",
        "tsserver": "bin/tsserver"
      },
      "engines": {
        "node": ">=4.2.0"
      }
    },
    "node_modules/parse5": {
      "version": "7.0.0",
      "resolved": "https://registry.npmjs.org/parse5/-/parse5-7.0.0.tgz",
      "integrity": "sha512-y/t8IXSPWTuRZqXc0ajH/UwDj4mnqLEbSttNbThcFhGrZuOyoyvNBO85PBp2jQa55wY9d07PBNjsK8ZP3K5U6g==",
      "dev": true,
      "dependencies": {
        "entities": "^4.3.0"
      },
      "funding": {
        "url": "https://github.com/inikulin/parse5?sponsor=1"
      }
    },
    "node_modules/parse5-htmlparser2-tree-adapter": {
      "version": "7.0.0",
      "resolved": "https://registry.npmjs.org/parse5-htmlparser2-tree-adapter/-/parse5-htmlparser2-tree-adapter-7.0.0.tgz",
      "integrity": "sha512-B77tOZrqqfUfnVcOrUvfdLbz4pu4RopLD/4vmu3HUPswwTA8OH0EMW9BlWR2B0RCoiZRAHEUu7IxeP1Pd1UU+g==",
      "dev": true,
      "dependencies": {
        "domhandler": "^5.0.2",
        "parse5": "^7.0.0"
      },
      "funding": {
        "url": "https://github.com/inikulin/parse5?sponsor=1"
      }
    },
    "node_modules/sade": {
      "version": "1.8.1",
      "resolved": "https://registry.npmjs.org/sade/-/sade-1.8.1.tgz",
      "integrity": "sha512-xal3CZX1Xlo/k4ApwCFrHVACi9fBqJ7V+mwhBsuf/1IOKbBy098Fex+Wa/5QMubw09pSZ/u8EY8PWgevJsXp1A==",
      "dependencies": {
        "mri": "^1.1.0"
      },
      "engines": {
        "node": ">=6"
      }
    },
    "node_modules/supports-color": {
      "version": "7.2.0",
      "resolved": "https://registry.npmjs.org/supports-color/-/supports-color-7.2.0.tgz",
      "integrity": "sha512-qpCAvRl9stuOHveKsn7HncJRvv501qIacKzQlO/+Lwxc9+0q2wLyv4Dfvt80/DPn2pqOBsJdDiogXGR9+OvwRw==",
      "dependencies": {
        "has-flag": "^4.0.0"
      },
      "engines": {
        "node": ">=8"
      }
    },
    "node_modules/tslib": {
      "version": "2.4.0",
      "resolved": "https://registry.npmjs.org/tslib/-/tslib-2.4.0.tgz",
      "integrity": "sha512-d6xOpEDfsi2CZVlPQzGeux8XMwLT9hssAsaPYExaQMuYskwb+x1x7J371tWlbBdWHroy99KnVB6qIkUbs5X3UQ==",
      "dev": true
    },
    "node_modules/typescript": {
      "version": "4.7.3",
      "resolved": "https://registry.npmjs.org/typescript/-/typescript-4.7.3.tgz",
      "integrity": "sha512-WOkT3XYvrpXx4vMMqlD+8R8R37fZkjyLGlxavMc4iB8lrl8L0DeTcHbYgw/v0N/z9wAFsgBhcsF0ruoySS22mA==",
      "dev": true,
      "bin": {
        "tsc": "bin/tsc",
        "tsserver": "bin/tsserver"
      },
      "engines": {
        "node": ">=4.2.0"
      }
    },
    "node_modules/uuid": {
      "version": "8.3.2",
      "resolved": "https://registry.npmjs.org/uuid/-/uuid-8.3.2.tgz",
      "integrity": "sha512-+NYs2QeMWy+GWFOEm9xnn6HCDp0l7QBD7ml8zLUmJ+93Q5NF0NocErnwkTkXVFNiX3/fpC6afS8Dhb/gz7R7eg==",
      "bin": {
        "uuid": "dist/bin/uuid"
      }
    },
    "site-libs/extensions-gamefuzzy": {},
    "site-libs/extensions-generic/madara": {}
  },
  "dependencies": {
    "@types/chai": {
      "version": "4.3.1",
      "resolved": "https://registry.npmjs.org/@types/chai/-/chai-4.3.1.tgz",
      "integrity": "sha512-/zPMqDkzSZ8t3VtxOa4KPq7uzzW978M9Tvh+j7GHKuo6k6GTLxPJ4J5gE5cjfJ26pnXst0N5Hax8Sr0T2Mi9zQ==",
      "dev": true
    },
    "@types/cheerio": {
      "version": "0.22.21",
      "resolved": "https://registry.npmjs.org/@types/cheerio/-/cheerio-0.22.21.tgz",
      "integrity": "sha512-aGI3DfswwqgKPiEOTaiHV2ZPC9KEhprpgEbJnv0fZl3SGX0cGgEva1126dGrMC6AJM6v/aihlUgJn9M5DbDZ/Q==",
      "dev": true,
      "requires": {
        "@types/node": "*"
      }
    },
    "@types/node": {
      "version": "17.0.40",
      "resolved": "https://registry.npmjs.org/@types/node/-/node-17.0.40.tgz",
      "integrity": "sha512-UXdBxNGqTMtm7hCwh9HtncFVLrXoqA3oJW30j6XWp5BH/wu3mVeaxo7cq5benFdBw34HB3XDT2TRPI7rXZ+mDg==",
      "dev": true
    },
    "@types/uuid": {
      "version": "8.3.4",
      "resolved": "https://registry.npmjs.org/@types/uuid/-/uuid-8.3.4.tgz",
      "integrity": "sha512-c/I8ZRb51j+pYGAu5CrFMRxqZ2ke4y2grEBO5AUjgSkSk+qT2Ea+OdWElz/OiMf5MNpn2b17kuVBwZLQJXzihw==",
      "dev": true
    },
    "ansi-styles": {
      "version": "4.3.0",
      "resolved": "https://registry.npmjs.org/ansi-styles/-/ansi-styles-4.3.0.tgz",
      "integrity": "sha512-zbB9rCJAT1rbjiVDb2hqKFHNYLxgtk8NURxZ3IZwD3F6NtxbXZQCnnSi1Lkx+IDohdPlFp222wVALIheZJQSEg==",
      "requires": {
        "color-convert": "^2.0.1"
      }
    },
    "asynckit": {
      "version": "0.4.0",
      "resolved": "https://registry.npmjs.org/asynckit/-/asynckit-0.4.0.tgz",
      "integrity": "sha512-Oei9OH4tRh0YqU3GxhX79dM/mwVgvbZJaSNaRk+bshkj0S5cfHcgYakreBjrHwatXKbz+IoIdYLxrKim2MjW0Q=="
    },
    "axios": {
      "version": "0.27.2",
      "resolved": "https://registry.npmjs.org/axios/-/axios-0.27.2.tgz",
      "integrity": "sha512-t+yRIyySRTp/wua5xEr+z1q60QmLq8ABsS5O9Me1AsE5dfKqgnCFzwiCZZ/cGNd1lq4/7akDWMxdhVlucjmnOQ==",
      "requires": {
        "follow-redirects": "^1.14.9",
        "form-data": "^4.0.0"
      }
    },
    "boolbase": {
      "version": "1.0.0",
      "resolved": "https://registry.npmjs.org/boolbase/-/boolbase-1.0.0.tgz",
      "integrity": "sha512-JZOSA7Mo9sNGB8+UjSgzdLtokWAky1zbztM3WRLCbZ70/3cTANmQmOdR7y2g+J0e2WXywy1yS468tY+IruqEww==",
      "dev": true
    },
    "chalk": {
      "version": "4.1.2",
      "resolved": "https://registry.npmjs.org/chalk/-/chalk-4.1.2.tgz",
      "integrity": "sha512-oKnbhFyRIXpUuez8iBMmyEa4nbj4IOQyuhc/wy9kY7/WVPcwIO9VA668Pu8RkO7+0G76SLROeyw9CpQ061i4mA==",
      "requires": {
        "ansi-styles": "^4.1.0",
        "supports-color": "^7.1.0"
      }
    },
    "cheerio": {
      "version": "1.0.0-rc.11",
      "resolved": "https://registry.npmjs.org/cheerio/-/cheerio-1.0.0-rc.11.tgz",
      "integrity": "sha512-bQwNaDIBKID5ts/DsdhxrjqFXYfLw4ste+wMKqWA8DyKcS4qwsPP4Bk8ZNaTJjvpiX/qW3BT4sU7d6Bh5i+dag==",
      "dev": true,
      "requires": {
        "cheerio-select": "^2.1.0",
        "dom-serializer": "^2.0.0",
        "domhandler": "^5.0.3",
        "domutils": "^3.0.1",
        "htmlparser2": "^8.0.1",
        "parse5": "^7.0.0",
        "parse5-htmlparser2-tree-adapter": "^7.0.0",
        "tslib": "^2.4.0"
      }
    },
    "cheerio-select": {
      "version": "2.1.0",
      "resolved": "https://registry.npmjs.org/cheerio-select/-/cheerio-select-2.1.0.tgz",
      "integrity": "sha512-9v9kG0LvzrlcungtnJtpGNxY+fzECQKhK4EGJX2vByejiMX84MFNQw4UxPJl3bFbTMw+Dfs37XaIkCwTZfLh4g==",
      "dev": true,
      "requires": {
        "boolbase": "^1.0.0",
        "css-select": "^5.1.0",
        "css-what": "^6.1.0",
        "domelementtype": "^2.3.0",
        "domhandler": "^5.0.3",
        "domutils": "^3.0.1"
      }
    },
    "color-convert": {
      "version": "2.0.1",
      "resolved": "https://registry.npmjs.org/color-convert/-/color-convert-2.0.1.tgz",
      "integrity": "sha512-RRECPsj7iu/xb5oKYcsFHSppFNnsj/52OVTRKb4zP5onXwVF3zVmmToNcOfGC+CRDpfK/U584fMg38ZHCaElKQ==",
      "requires": {
        "color-name": "~1.1.4"
      }
    },
    "color-name": {
      "version": "1.1.4",
      "resolved": "https://registry.npmjs.org/color-name/-/color-name-1.1.4.tgz",
      "integrity": "sha512-dOy+3AuW3a2wNbZHIuMZpTcgjGuLU/uBL/ubcZF9OXbDo8ff4O8yVp5Bf0efS8uEoYo5q4Fx7dY9OgQGXgAsQA=="
    },
    "combined-stream": {
      "version": "1.0.8",
      "resolved": "https://registry.npmjs.org/combined-stream/-/combined-stream-1.0.8.tgz",
      "integrity": "sha512-FQN4MRfuJeHf7cBbBMJFXhKSDq+2kAArBlmRBvcvFE5BB1HZKXtSFASDhdlz9zOYwxh8lDdnvmMOe/+5cdoEdg==",
      "requires": {
        "delayed-stream": "~1.0.0"
      }
    },
    "concurrent-priority-worker-queue": {
      "version": "2.0.0",
      "resolved": "https://registry.npmjs.org/concurrent-priority-worker-queue/-/concurrent-priority-worker-queue-2.0.0.tgz",
      "integrity": "sha512-3CjCOUZqf3KdttaUFke4ytIkVWH4T0Z5gyCEohWXHdIhnLfcdZJF1gWgsYRJ57o3NHZNOauuP7SO1M7PkTLEow==",
      "requires": {
        "double-ended-queue": "^2.1.0-0"
      }
    },
    "css-select": {
      "version": "5.1.0",
      "resolved": "https://registry.npmjs.org/css-select/-/css-select-5.1.0.tgz",
      "integrity": "sha512-nwoRF1rvRRnnCqqY7updORDsuqKzqYJ28+oSMaJMMgOauh3fvwHqMS7EZpIPqK8GL+g9mKxF1vP/ZjSeNjEVHg==",
      "dev": true,
      "requires": {
        "boolbase": "^1.0.0",
        "css-what": "^6.1.0",
        "domhandler": "^5.0.2",
        "domutils": "^3.0.1",
        "nth-check": "^2.0.1"
      }
    },
    "css-what": {
      "version": "6.1.0",
      "resolved": "https://registry.npmjs.org/css-what/-/css-what-6.1.0.tgz",
      "integrity": "sha512-HTUrgRJ7r4dsZKU6GjmpfRK1O76h97Z8MfS1G0FozR+oF2kG6Vfe8JE6zwrkbxigziPHinCJ+gCPjA9EaBDtRw==",
      "dev": true
    },
    "delayed-stream": {
      "version": "1.0.0",
      "resolved": "https://registry.npmjs.org/delayed-stream/-/delayed-stream-1.0.0.tgz",
      "integrity": "sha512-ZySD7Nf91aLB0RxL4KGrKHBXl7Eds1DAmEdcoVawXnLD7SDhpNgtuII2aAkg7a7QS41jxPSZ17p4VdGnMHk3MQ=="
    },
    "dom-serializer": {
      "version": "2.0.0",
      "resolved": "https://registry.npmjs.org/dom-serializer/-/dom-serializer-2.0.0.tgz",
      "integrity": "sha512-wIkAryiqt/nV5EQKqQpo3SToSOV9J0DnbJqwK7Wv/Trc92zIAYZ4FlMu+JPFW1DfGFt81ZTCGgDEabffXeLyJg==",
      "dev": true,
      "requires": {
        "domelementtype": "^2.3.0",
        "domhandler": "^5.0.2",
        "entities": "^4.2.0"
      }
    },
    "domelementtype": {
      "version": "2.3.0",
      "resolved": "https://registry.npmjs.org/domelementtype/-/domelementtype-2.3.0.tgz",
      "integrity": "sha512-OLETBj6w0OsagBwdXnPdN0cnMfF9opN69co+7ZrbfPGrdpPVNBUj02spi6B1N7wChLQiPn4CSH/zJvXw56gmHw==",
      "dev": true
    },
    "domhandler": {
      "version": "5.0.3",
      "resolved": "https://registry.npmjs.org/domhandler/-/domhandler-5.0.3.tgz",
      "integrity": "sha512-cgwlv/1iFQiFnU96XXgROh8xTeetsnJiDsTc7TYCLFd9+/WNkIqPTxiM/8pSd8VIrhXGTf1Ny1q1hquVqDJB5w==",
      "dev": true,
      "requires": {
        "domelementtype": "^2.3.0"
      }
    },
    "domutils": {
      "version": "3.0.1",
      "resolved": "https://registry.npmjs.org/domutils/-/domutils-3.0.1.tgz",
      "integrity": "sha512-z08c1l761iKhDFtfXO04C7kTdPBLi41zwOZl00WS8b5eiaebNpY00HKbztwBq+e3vyqWNwWF3mP9YLUeqIrF+Q==",
      "dev": true,
      "requires": {
        "dom-serializer": "^2.0.0",
        "domelementtype": "^2.3.0",
        "domhandler": "^5.0.1"
      }
    },
    "double-ended-queue": {
      "version": "2.1.0-0",
      "resolved": "https://registry.npmjs.org/double-ended-queue/-/double-ended-queue-2.1.0-0.tgz",
      "integrity": "sha512-+BNfZ+deCo8hMNpDqDnvT+c0XpJ5cUa6mqYq89bho2Ifze4URTqRkcwR399hWoTrTkbZ/XJYDgP6rc7pRgffEQ=="
    },
    "entities": {
      "version": "4.3.0",
      "resolved": "https://registry.npmjs.org/entities/-/entities-4.3.0.tgz",
      "integrity": "sha512-/iP1rZrSEJ0DTlPiX+jbzlA3eVkY/e8L8SozroF395fIqE3TYF/Nz7YOMAawta+vLmyJ/hkGNNPcSbMADCCXbg==",
      "dev": true
    },
    "extensions-gamefuzzy": {
      "version": "file:site-libs/extensions-gamefuzzy"
    },
    "extensions-official": {
      "version": "file:site-libs/extensions-generic/madara"
    },
    "follow-redirects": {
      "version": "1.15.1",
      "resolved": "https://registry.npmjs.org/follow-redirects/-/follow-redirects-1.15.1.tgz",
      "integrity": "sha512-yLAMQs+k0b2m7cVxpS1VKJVvoz7SS9Td1zss3XRwXj+ZDH00RJgnuLx7E44wx02kQLrdM3aOOy+FpzS7+8OizA=="
    },
    "form-data": {
      "version": "4.0.0",
      "resolved": "https://registry.npmjs.org/form-data/-/form-data-4.0.0.tgz",
      "integrity": "sha512-ETEklSGi5t0QMZuiXoA/Q6vcnxcLQP5vdugSpuAyi6SVGi2clPPp+xgEhuMaHC+zGgn31Kd235W35f7Hykkaww==",
      "requires": {
        "asynckit": "^0.4.0",
        "combined-stream": "^1.0.8",
        "mime-types": "^2.1.12"
      }
    },
    "has-flag": {
      "version": "4.0.0",
      "resolved": "https://registry.npmjs.org/has-flag/-/has-flag-4.0.0.tgz",
      "integrity": "sha512-EykJT/Q1KjTWctppgIAgfSO0tKVuZUjhgMr17kqTumMl6Afv3EISleU7qZUzoXDFTAHTDC4NOoG/ZxU3EvlMPQ=="
    },
    "htmlparser2": {
      "version": "8.0.1",
      "resolved": "https://registry.npmjs.org/htmlparser2/-/htmlparser2-8.0.1.tgz",
      "integrity": "sha512-4lVbmc1diZC7GUJQtRQ5yBAeUCL1exyMwmForWkRLnwyzWBFxN633SALPMGYaWZvKe9j1pRZJpauvmxENSp/EA==",
      "dev": true,
      "requires": {
        "domelementtype": "^2.3.0",
        "domhandler": "^5.0.2",
        "domutils": "^3.0.1",
        "entities": "^4.3.0"
      }
    },
    "mangadex-full-api": {
      "version": "git+ssh://git@github.com/md-y/mangadex-full-api.git#a5eff5a16e8ea66efc40c4042267f30487af3cac",
      "from": "mangadex-full-api@github:md-y/mangadex-full-api"
    },
    "mime-db": {
      "version": "1.52.0",
      "resolved": "https://registry.npmjs.org/mime-db/-/mime-db-1.52.0.tgz",
      "integrity": "sha512-sPU4uV7dYlvtWJxwwxHD0PuihVNiE7TyAbQ5SWxDCB9mUYvOgroQOwYQQOKPJ8CIbE+1ETVlOoK1UC2nU3gYvg=="
    },
    "mime-types": {
      "version": "2.1.35",
      "resolved": "https://registry.npmjs.org/mime-types/-/mime-types-2.1.35.tgz",
      "integrity": "sha512-ZDY+bPm5zTTF+YpCrAU9nK0UgICYPT0QtT1NZWFv4s++TNkcgVaT0g6+4R2uI4MjQjzysHB1zxuWL50hzaeXiw==",
      "requires": {
        "mime-db": "1.52.0"
      }
    },
    "mri": {
      "version": "1.2.0",
      "resolved": "https://registry.npmjs.org/mri/-/mri-1.2.0.tgz",
      "integrity": "sha512-tzzskb3bG8LvYGFF/mDTpq3jpI6Q9wc3LEmBaghu+DdCssd1FakN7Bc0hVNmEyGq1bq3RgfkCb3cmQLpNPOroA=="
    },
    "nth-check": {
      "version": "2.1.1",
      "resolved": "https://registry.npmjs.org/nth-check/-/nth-check-2.1.1.tgz",
      "integrity": "sha512-lqjrjmaOoAnWfMmBPL+XNnynZh2+swxiX3WUE0s4yEHI6m+AwrK2UZOimIRl3X/4QctVqS8AiZjFqyOGrMXb/w==",
      "dev": true,
      "requires": {
        "boolbase": "^1.0.0"
      }
    },
    "paperback-extensions-common": {
      "version": "4.3.5",
      "resolved": "https://registry.npmjs.org/paperback-extensions-common/-/paperback-extensions-common-4.3.5.tgz",
      "integrity": "sha512-/oq8VZyjS4l38YXJOLvbe8AOkbxeTYR8OESDncNhgNbwTd6Daex43jZ9ZoSvY/WIH569baQ7ZB00FsQ1IZK38w==",
      "dev": true,
      "requires": {
        "axios": "^0.21.1",
        "cheerio": "^1.0.0-rc.3",
        "typescript": "^3.9.7"
      },
      "dependencies": {
        "axios": {
          "version": "0.21.4",
          "resolved": "https://registry.npmjs.org/axios/-/axios-0.21.4.tgz",
          "integrity": "sha512-ut5vewkiu8jjGBdqpM44XxjuCjq9LAKeHVmoVfHVzy8eHgxxq8SbAVQNovDA8mVi05kP0Ea/n/UzcSHcTJQfNg==",
          "dev": true,
          "requires": {
            "follow-redirects": "^1.14.0"
          }
        },
        "typescript": {
          "version": "3.9.10",
          "resolved": "https://registry.npmjs.org/typescript/-/typescript-3.9.10.tgz",
          "integrity": "sha512-w6fIxVE/H1PkLKcCPsFqKE7Kv7QUwhU8qQY2MueZXWx5cPZdwFupLgKK3vntcK98BtNHZtAF4LA/yl2a7k8R6Q==",
          "dev": true
        }
      }
    },
    "parse5": {
      "version": "7.0.0",
      "resolved": "https://registry.npmjs.org/parse5/-/parse5-7.0.0.tgz",
      "integrity": "sha512-y/t8IXSPWTuRZqXc0ajH/UwDj4mnqLEbSttNbThcFhGrZuOyoyvNBO85PBp2jQa55wY9d07PBNjsK8ZP3K5U6g==",
      "dev": true,
      "requires": {
        "entities": "^4.3.0"
      }
    },
    "parse5-htmlparser2-tree-adapter": {
      "version": "7.0.0",
      "resolved": "https://registry.npmjs.org/parse5-htmlparser2-tree-adapter/-/parse5-htmlparser2-tree-adapter-7.0.0.tgz",
      "integrity": "sha512-B77tOZrqqfUfnVcOrUvfdLbz4pu4RopLD/4vmu3HUPswwTA8OH0EMW9BlWR2B0RCoiZRAHEUu7IxeP1Pd1UU+g==",
      "dev": true,
      "requires": {
        "domhandler": "^5.0.2",
        "parse5": "^7.0.0"
      }
    },
    "sade": {
      "version": "1.8.1",
      "resolved": "https://registry.npmjs.org/sade/-/sade-1.8.1.tgz",
      "integrity": "sha512-xal3CZX1Xlo/k4ApwCFrHVACi9fBqJ7V+mwhBsuf/1IOKbBy098Fex+Wa/5QMubw09pSZ/u8EY8PWgevJsXp1A==",
      "requires": {
        "mri": "^1.1.0"
      }
    },
    "supports-color": {
      "version": "7.2.0",
      "resolved": "https://registry.npmjs.org/supports-color/-/supports-color-7.2.0.tgz",
      "integrity": "sha512-qpCAvRl9stuOHveKsn7HncJRvv501qIacKzQlO/+Lwxc9+0q2wLyv4Dfvt80/DPn2pqOBsJdDiogXGR9+OvwRw==",
      "requires": {
        "has-flag": "^4.0.0"
      }
    },
    "tslib": {
      "version": "2.4.0",
      "resolved": "https://registry.npmjs.org/tslib/-/tslib-2.4.0.tgz",
      "integrity": "sha512-d6xOpEDfsi2CZVlPQzGeux8XMwLT9hssAsaPYExaQMuYskwb+x1x7J371tWlbBdWHroy99KnVB6qIkUbs5X3UQ==",
      "dev": true
    },
    "typescript": {
      "version": "4.7.3",
      "resolved": "https://registry.npmjs.org/typescript/-/typescript-4.7.3.tgz",
      "integrity": "sha512-WOkT3XYvrpXx4vMMqlD+8R8R37fZkjyLGlxavMc4iB8lrl8L0DeTcHbYgw/v0N/z9wAFsgBhcsF0ruoySS22mA==",
      "dev": true
    },
    "uuid": {
      "version": "8.3.2",
      "resolved": "https://registry.npmjs.org/uuid/-/uuid-8.3.2.tgz",
      "integrity": "sha512-+NYs2QeMWy+GWFOEm9xnn6HCDp0l7QBD7ml8zLUmJ+93Q5NF0NocErnwkTkXVFNiX3/fpC6afS8Dhb/gz7R7eg=="
    }
  }
}
